
Microsoft Visual Studio Solution File, Format Version 12.00
# Visual Studio 15
VisualStudioVersion = 15.0.28010.2016
MinimumVisualStudioVersion = 10.0.40219.1
Project("{8BC9CEB8-8B4A-11D0-8D11-00A0C91BC942}") = "review", "review\review.vcxproj", "{7236C817-FD33-478B-B1BD-A8C66106828C}"
EndProject
Global
	GlobalSection(SolutionConfigurationPlatforms) = preSolution
		Debug|x64 = Debug|x64
		Debug|x86 = Debug|x86
		Release|x64 = Release|x64
		Release|x86 = Release|x86
	EndGlobalSection
	GlobalSection(ProjectConfigurationPlatforms) = postSolution
		{7236C817-FD33-478B-B1BD-A8C66106828C}.Debug|x64.ActiveCfg = Debug|x64
		{7236C817-FD33-478B-B1BD-A8C66106828C}.Debug|x64.Build.0 = Debug|x64
		{7236C817-FD33-478B-B1BD-A8C66106828C}.Debug|x86.ActiveCfg = Debug|Win32
		{7236C817-FD33-478B-B1BD-A8C66106828C}.Debug|x86.Build.0 = Debug|Win32
		{7236C817-FD33-478B-B1BD-A8C66106828C}.Release|x64.ActiveCfg = Release|x64
		{7236C817-FD33-478B-B1BD-A8C66106828C}.Release|x64.Build.0 = Release|x64
		{7236C817-FD33-478B-B1BD-A8C66106828C}.Release|x86.ActiveCfg = Release|Win32
		{7236C817-FD33-478B-B1BD-A8C66106828C}.Release|x86.Build.0 = Release|Win32
	EndGlobalSection
	GlobalSection(SolutionProperties) = preSolution
		HideSolutionNode = FALSE
	EndGlobalSection
	GlobalSection(ExtensibilityGlobals) = postSolution
		SolutionGuid = {9C600D79-F84B-458C-970C-48095328B8EB}
	EndGlobalSection
EndGlobal
