
Microsoft Visual Studio Solution File, Format Version 12.00
# Visual Studio 15
VisualStudioVersion = 15.0.28010.2016
MinimumVisualStudioVersion = 10.0.40219.1
Project("{8BC9CEB8-8B4A-11D0-8D11-00A0C91BC942}") = "DXEngine00_Win_Setup", "DXEngine00_Win_Setup\DXEngine00_Win_Setup.vcxproj", "{8F610FEE-8B81-4983-9AD7-56E4514CE818}"
EndProject
Project("{8BC9CEB8-8B4A-11D0-8D11-00A0C91BC942}") = "DXEngine02_Draw", "DXEngine02_Draw\DXEngine02_Draw.vcxproj", "{20325B34-B8A4-440D-8A27-89B19D1AC43C}"
EndProject
Project("{8BC9CEB8-8B4A-11D0-8D11-00A0C91BC942}") = "DXEngine01_DX_Setup", "DXEngine01_DX_Setup\DXEngine01_DX_Setup.vcxproj", "{169FAED8-6ACD-4C64-BE39-1FADE6B6EF3C}"
EndProject
Project("{8BC9CEB8-8B4A-11D0-8D11-00A0C91BC942}") = "DXEngine03_VertexColor", "DXEngine03_VertexColor\DXEngine03_VertexColor.vcxproj", "{17A50DA7-6353-4504-992C-53F2AFC69B88}"
EndProject
Project("{8BC9CEB8-8B4A-11D0-8D11-00A0C91BC942}") = "DXEngine04_IndexBuffer", "DXEngine04_IndexBuffer\DXEngine04_IndexBuffer.vcxproj", "{9A46A487-3A61-41FE-A7FB-ACD79917A8E5}"
EndProject
Project("{8BC9CEB8-8B4A-11D0-8D11-00A0C91BC942}") = "DXEngine05_WVP", "DXEngine05_WVP\DXEngine05_WVP.vcxproj", "{8E336974-7F4C-47DE-9647-320A0DFD2110}"
EndProject
Project("{8BC9CEB8-8B4A-11D0-8D11-00A0C91BC942}") = "DXEngine06_textureMapping", "DXEngine06_textureMapping\DXEngine06_textureMapping.vcxproj", "{76726FE8-B7CE-40C5-A942-D99E2F6C06CA}"
EndProject
Project("{8BC9CEB8-8B4A-11D0-8D11-00A0C91BC942}") = "DXEngine07_Cube", "DXEngine07_Cube\DXEngine07_Cube.vcxproj", "{B58FCEF6-047E-488D-832D-D106904820AD}"
EndProject
Project("{8BC9CEB8-8B4A-11D0-8D11-00A0C91BC942}") = "DXEngine08_Diffuse", "DXEngine08_Diffuse\DXEngine08_Diffuse.vcxproj", "{8E100245-0ACE-42D9-9725-2E271AFE1CA2}"
EndProject
Project("{8BC9CEB8-8B4A-11D0-8D11-00A0C91BC942}") = "DXEngine09_Specular", "DXEngine09_Specular\DXEngine09_Specular.vcxproj", "{66C55731-DD04-420A-90C9-D393E98FBE51}"
EndProject
Project("{8BC9CEB8-8B4A-11D0-8D11-00A0C91BC942}") = "DXEngine10_Transform", "DXEngine10_Transform\DXEngine10_Transform.vcxproj", "{9493D5A1-E457-4B2C-BE14-D51A641730CA}"
EndProject
Project("{8BC9CEB8-8B4A-11D0-8D11-00A0C91BC942}") = "DXEngine11_GameTimer", "DXEngine11_GameTimer\DXEngine11_GameTimer.vcxproj", "{7E43CDC9-CCFE-4402-896C-3B98D02A70C0}"
EndProject
Project("{8BC9CEB8-8B4A-11D0-8D11-00A0C91BC942}") = "DXEngine12_FBXLoader", "DXEngine12_FBXLoader\DXEngine12_FBXLoader.vcxproj", "{0D1EA4E2-2C3D-4DC4-912D-B6C2A4181437}"
EndProject
Project("{8BC9CEB8-8B4A-11D0-8D11-00A0C91BC942}") = "DXEngine13_DepthBuffer", "DXEngine13_DepthBuffer\DXEngine13_DepthBuffer.vcxproj", "{C374A790-1376-4AF0-95C5-2EBF4A9B8AD0}"
EndProject
Project("{8BC9CEB8-8B4A-11D0-8D11-00A0C91BC942}") = "DXEngine14_NormalMap", "DXEngine14_NormalMap\DXEngine14_NormalMap.vcxproj", "{1D912403-FDE8-4C8C-8EC3-C40A3D48CC4A}"
EndProject
Project("{8BC9CEB8-8B4A-11D0-8D11-00A0C91BC942}") = "DXEngine15_ToonShading", "DXEngine15_ToonShading\DXEngine15_ToonShading.vcxproj", "{0557F80B-FD26-458E-8A20-033CEFF093B3}"
EndProject
Project("{8BC9CEB8-8B4A-11D0-8D11-00A0C91BC942}") = "DXEngine16_Cubemap", "DXEngine16_Cubemap\DXEngine16_Cubemap.vcxproj", "{EB349BD8-97C0-4B81-B2B6-D78938810EC8}"
EndProject
Project("{8BC9CEB8-8B4A-11D0-8D11-00A0C91BC942}") = "DXEngine18_EngineUpdate", "DXEngine18_EngineUpdate\DXEngine18_EngineUpdate.vcxproj", "{A3D692F9-4F92-416C-9D7A-5C01770C0266}"
EndProject
Project("{8BC9CEB8-8B4A-11D0-8D11-00A0C91BC942}") = "DXEngine19_Input", "DXEngine19_Input\DXEngine19_Input.vcxproj", "{071FF8BD-785E-4C89-B93C-97EC3FFBE990}"
EndProject
Project("{8BC9CEB8-8B4A-11D0-8D11-00A0C91BC942}") = "DXEngine20_Rasterizer", "DXEngine20_Rasterizer\DXEngine20_Rasterizer.vcxproj", "{1994A60A-BF31-4B48-956E-B91A57FFE569}"
EndProject
Project("{8BC9CEB8-8B4A-11D0-8D11-00A0C91BC942}") = "DXEngine21_SkyLight", "DXEngine21_SkyLight\DXEngine21_SkyLight.vcxproj", "{0955B5FB-27F3-40FA-A45F-22D4BA84459F}"
EndProject
Global
	GlobalSection(SolutionConfigurationPlatforms) = preSolution
		Debug|x64 = Debug|x64
		Debug|x86 = Debug|x86
		Release|x64 = Release|x64
		Release|x86 = Release|x86
	EndGlobalSection
	GlobalSection(ProjectConfigurationPlatforms) = postSolution
		{8F610FEE-8B81-4983-9AD7-56E4514CE818}.Debug|x64.ActiveCfg = Debug|x64
		{8F610FEE-8B81-4983-9AD7-56E4514CE818}.Debug|x64.Build.0 = Debug|x64
		{8F610FEE-8B81-4983-9AD7-56E4514CE818}.Debug|x86.ActiveCfg = Debug|Win32
		{8F610FEE-8B81-4983-9AD7-56E4514CE818}.Debug|x86.Build.0 = Debug|Win32
		{8F610FEE-8B81-4983-9AD7-56E4514CE818}.Release|x64.ActiveCfg = Release|x64
		{8F610FEE-8B81-4983-9AD7-56E4514CE818}.Release|x64.Build.0 = Release|x64
		{8F610FEE-8B81-4983-9AD7-56E4514CE818}.Release|x86.ActiveCfg = Release|Win32
		{8F610FEE-8B81-4983-9AD7-56E4514CE818}.Release|x86.Build.0 = Release|Win32
		{20325B34-B8A4-440D-8A27-89B19D1AC43C}.Debug|x64.ActiveCfg = Debug|x64
		{20325B34-B8A4-440D-8A27-89B19D1AC43C}.Debug|x64.Build.0 = Debug|x64
		{20325B34-B8A4-440D-8A27-89B19D1AC43C}.Debug|x86.ActiveCfg = Debug|Win32
		{20325B34-B8A4-440D-8A27-89B19D1AC43C}.Debug|x86.Build.0 = Debug|Win32
		{20325B34-B8A4-440D-8A27-89B19D1AC43C}.Release|x64.ActiveCfg = Release|x64
		{20325B34-B8A4-440D-8A27-89B19D1AC43C}.Release|x64.Build.0 = Release|x64
		{20325B34-B8A4-440D-8A27-89B19D1AC43C}.Release|x86.ActiveCfg = Release|Win32
		{20325B34-B8A4-440D-8A27-89B19D1AC43C}.Release|x86.Build.0 = Release|Win32
		{169FAED8-6ACD-4C64-BE39-1FADE6B6EF3C}.Debug|x64.ActiveCfg = Debug|x64
		{169FAED8-6ACD-4C64-BE39-1FADE6B6EF3C}.Debug|x64.Build.0 = Debug|x64
		{169FAED8-6ACD-4C64-BE39-1FADE6B6EF3C}.Debug|x86.ActiveCfg = Debug|Win32
		{169FAED8-6ACD-4C64-BE39-1FADE6B6EF3C}.Debug|x86.Build.0 = Debug|Win32
		{169FAED8-6ACD-4C64-BE39-1FADE6B6EF3C}.Release|x64.ActiveCfg = Release|x64
		{169FAED8-6ACD-4C64-BE39-1FADE6B6EF3C}.Release|x64.Build.0 = Release|x64
		{169FAED8-6ACD-4C64-BE39-1FADE6B6EF3C}.Release|x86.ActiveCfg = Release|Win32
		{169FAED8-6ACD-4C64-BE39-1FADE6B6EF3C}.Release|x86.Build.0 = Release|Win32
		{17A50DA7-6353-4504-992C-53F2AFC69B88}.Debug|x64.ActiveCfg = Debug|x64
		{17A50DA7-6353-4504-992C-53F2AFC69B88}.Debug|x64.Build.0 = Debug|x64
		{17A50DA7-6353-4504-992C-53F2AFC69B88}.Debug|x86.ActiveCfg = Debug|Win32
		{17A50DA7-6353-4504-992C-53F2AFC69B88}.Debug|x86.Build.0 = Debug|Win32
		{17A50DA7-6353-4504-992C-53F2AFC69B88}.Release|x64.ActiveCfg = Release|x64
		{17A50DA7-6353-4504-992C-53F2AFC69B88}.Release|x64.Build.0 = Release|x64
		{17A50DA7-6353-4504-992C-53F2AFC69B88}.Release|x86.ActiveCfg = Release|Win32
		{17A50DA7-6353-4504-992C-53F2AFC69B88}.Release|x86.Build.0 = Release|Win32
		{9A46A487-3A61-41FE-A7FB-ACD79917A8E5}.Debug|x64.ActiveCfg = Debug|x64
		{9A46A487-3A61-41FE-A7FB-ACD79917A8E5}.Debug|x64.Build.0 = Debug|x64
		{9A46A487-3A61-41FE-A7FB-ACD79917A8E5}.Debug|x86.ActiveCfg = Debug|Win32
		{9A46A487-3A61-41FE-A7FB-ACD79917A8E5}.Debug|x86.Build.0 = Debug|Win32
		{9A46A487-3A61-41FE-A7FB-ACD79917A8E5}.Release|x64.ActiveCfg = Release|x64
		{9A46A487-3A61-41FE-A7FB-ACD79917A8E5}.Release|x64.Build.0 = Release|x64
		{9A46A487-3A61-41FE-A7FB-ACD79917A8E5}.Release|x86.ActiveCfg = Release|Win32
		{9A46A487-3A61-41FE-A7FB-ACD79917A8E5}.Release|x86.Build.0 = Release|Win32
		{8E336974-7F4C-47DE-9647-320A0DFD2110}.Debug|x64.ActiveCfg = Debug|x64
		{8E336974-7F4C-47DE-9647-320A0DFD2110}.Debug|x64.Build.0 = Debug|x64
		{8E336974-7F4C-47DE-9647-320A0DFD2110}.Debug|x86.ActiveCfg = Debug|Win32
		{8E336974-7F4C-47DE-9647-320A0DFD2110}.Debug|x86.Build.0 = Debug|Win32
		{8E336974-7F4C-47DE-9647-320A0DFD2110}.Release|x64.ActiveCfg = Release|x64
		{8E336974-7F4C-47DE-9647-320A0DFD2110}.Release|x64.Build.0 = Release|x64
		{8E336974-7F4C-47DE-9647-320A0DFD2110}.Release|x86.ActiveCfg = Release|Win32
		{8E336974-7F4C-47DE-9647-320A0DFD2110}.Release|x86.Build.0 = Release|Win32
		{76726FE8-B7CE-40C5-A942-D99E2F6C06CA}.Debug|x64.ActiveCfg = Debug|x64
		{76726FE8-B7CE-40C5-A942-D99E2F6C06CA}.Debug|x64.Build.0 = Debug|x64
		{76726FE8-B7CE-40C5-A942-D99E2F6C06CA}.Debug|x86.ActiveCfg = Debug|Win32
		{76726FE8-B7CE-40C5-A942-D99E2F6C06CA}.Debug|x86.Build.0 = Debug|Win32
		{76726FE8-B7CE-40C5-A942-D99E2F6C06CA}.Release|x64.ActiveCfg = Release|x64
		{76726FE8-B7CE-40C5-A942-D99E2F6C06CA}.Release|x64.Build.0 = Release|x64
		{76726FE8-B7CE-40C5-A942-D99E2F6C06CA}.Release|x86.ActiveCfg = Release|Win32
		{76726FE8-B7CE-40C5-A942-D99E2F6C06CA}.Release|x86.Build.0 = Release|Win32
		{B58FCEF6-047E-488D-832D-D106904820AD}.Debug|x64.ActiveCfg = Debug|x64
		{B58FCEF6-047E-488D-832D-D106904820AD}.Debug|x64.Build.0 = Debug|x64
		{B58FCEF6-047E-488D-832D-D106904820AD}.Debug|x86.ActiveCfg = Debug|Win32
		{B58FCEF6-047E-488D-832D-D106904820AD}.Debug|x86.Build.0 = Debug|Win32
		{B58FCEF6-047E-488D-832D-D106904820AD}.Release|x64.ActiveCfg = Release|x64
		{B58FCEF6-047E-488D-832D-D106904820AD}.Release|x64.Build.0 = Release|x64
		{B58FCEF6-047E-488D-832D-D106904820AD}.Release|x86.ActiveCfg = Release|Win32
		{B58FCEF6-047E-488D-832D-D106904820AD}.Release|x86.Build.0 = Release|Win32
		{8E100245-0ACE-42D9-9725-2E271AFE1CA2}.Debug|x64.ActiveCfg = Debug|x64
		{8E100245-0ACE-42D9-9725-2E271AFE1CA2}.Debug|x64.Build.0 = Debug|x64
		{8E100245-0ACE-42D9-9725-2E271AFE1CA2}.Debug|x86.ActiveCfg = Debug|Win32
		{8E100245-0ACE-42D9-9725-2E271AFE1CA2}.Debug|x86.Build.0 = Debug|Win32
		{8E100245-0ACE-42D9-9725-2E271AFE1CA2}.Release|x64.ActiveCfg = Release|x64
		{8E100245-0ACE-42D9-9725-2E271AFE1CA2}.Release|x64.Build.0 = Release|x64
		{8E100245-0ACE-42D9-9725-2E271AFE1CA2}.Release|x86.ActiveCfg = Release|Win32
		{8E100245-0ACE-42D9-9725-2E271AFE1CA2}.Release|x86.Build.0 = Release|Win32
		{66C55731-DD04-420A-90C9-D393E98FBE51}.Debug|x64.ActiveCfg = Debug|x64
		{66C55731-DD04-420A-90C9-D393E98FBE51}.Debug|x64.Build.0 = Debug|x64
		{66C55731-DD04-420A-90C9-D393E98FBE51}.Debug|x86.ActiveCfg = Debug|Win32
		{66C55731-DD04-420A-90C9-D393E98FBE51}.Debug|x86.Build.0 = Debug|Win32
		{66C55731-DD04-420A-90C9-D393E98FBE51}.Release|x64.ActiveCfg = Release|x64
		{66C55731-DD04-420A-90C9-D393E98FBE51}.Release|x64.Build.0 = Release|x64
		{66C55731-DD04-420A-90C9-D393E98FBE51}.Release|x86.ActiveCfg = Release|Win32
		{66C55731-DD04-420A-90C9-D393E98FBE51}.Release|x86.Build.0 = Release|Win32
		{9493D5A1-E457-4B2C-BE14-D51A641730CA}.Debug|x64.ActiveCfg = Debug|x64
		{9493D5A1-E457-4B2C-BE14-D51A641730CA}.Debug|x64.Build.0 = Debug|x64
		{9493D5A1-E457-4B2C-BE14-D51A641730CA}.Debug|x86.ActiveCfg = Debug|Win32
		{9493D5A1-E457-4B2C-BE14-D51A641730CA}.Debug|x86.Build.0 = Debug|Win32
		{9493D5A1-E457-4B2C-BE14-D51A641730CA}.Release|x64.ActiveCfg = Release|x64
		{9493D5A1-E457-4B2C-BE14-D51A641730CA}.Release|x64.Build.0 = Release|x64
		{9493D5A1-E457-4B2C-BE14-D51A641730CA}.Release|x86.ActiveCfg = Release|Win32
		{9493D5A1-E457-4B2C-BE14-D51A641730CA}.Release|x86.Build.0 = Release|Win32
		{7E43CDC9-CCFE-4402-896C-3B98D02A70C0}.Debug|x64.ActiveCfg = Debug|x64
		{7E43CDC9-CCFE-4402-896C-3B98D02A70C0}.Debug|x64.Build.0 = Debug|x64
		{7E43CDC9-CCFE-4402-896C-3B98D02A70C0}.Debug|x86.ActiveCfg = Debug|Win32
		{7E43CDC9-CCFE-4402-896C-3B98D02A70C0}.Debug|x86.Build.0 = Debug|Win32
		{7E43CDC9-CCFE-4402-896C-3B98D02A70C0}.Release|x64.ActiveCfg = Release|x64
		{7E43CDC9-CCFE-4402-896C-3B98D02A70C0}.Release|x64.Build.0 = Release|x64
		{7E43CDC9-CCFE-4402-896C-3B98D02A70C0}.Release|x86.ActiveCfg = Release|Win32
		{7E43CDC9-CCFE-4402-896C-3B98D02A70C0}.Release|x86.Build.0 = Release|Win32
		{0D1EA4E2-2C3D-4DC4-912D-B6C2A4181437}.Debug|x64.ActiveCfg = Debug|x64
		{0D1EA4E2-2C3D-4DC4-912D-B6C2A4181437}.Debug|x64.Build.0 = Debug|x64
		{0D1EA4E2-2C3D-4DC4-912D-B6C2A4181437}.Debug|x86.ActiveCfg = Debug|Win32
		{0D1EA4E2-2C3D-4DC4-912D-B6C2A4181437}.Debug|x86.Build.0 = Debug|Win32
		{0D1EA4E2-2C3D-4DC4-912D-B6C2A4181437}.Release|x64.ActiveCfg = Release|x64
		{0D1EA4E2-2C3D-4DC4-912D-B6C2A4181437}.Release|x64.Build.0 = Release|x64
		{0D1EA4E2-2C3D-4DC4-912D-B6C2A4181437}.Release|x86.ActiveCfg = Release|Win32
		{0D1EA4E2-2C3D-4DC4-912D-B6C2A4181437}.Release|x86.Build.0 = Release|Win32
		{C374A790-1376-4AF0-95C5-2EBF4A9B8AD0}.Debug|x64.ActiveCfg = Debug|x64
		{C374A790-1376-4AF0-95C5-2EBF4A9B8AD0}.Debug|x64.Build.0 = Debug|x64
		{C374A790-1376-4AF0-95C5-2EBF4A9B8AD0}.Debug|x86.ActiveCfg = Debug|Win32
		{C374A790-1376-4AF0-95C5-2EBF4A9B8AD0}.Debug|x86.Build.0 = Debug|Win32
		{C374A790-1376-4AF0-95C5-2EBF4A9B8AD0}.Release|x64.ActiveCfg = Release|x64
		{C374A790-1376-4AF0-95C5-2EBF4A9B8AD0}.Release|x64.Build.0 = Release|x64
		{C374A790-1376-4AF0-95C5-2EBF4A9B8AD0}.Release|x86.ActiveCfg = Release|Win32
		{C374A790-1376-4AF0-95C5-2EBF4A9B8AD0}.Release|x86.Build.0 = Release|Win32
		{1D912403-FDE8-4C8C-8EC3-C40A3D48CC4A}.Debug|x64.ActiveCfg = Debug|x64
		{1D912403-FDE8-4C8C-8EC3-C40A3D48CC4A}.Debug|x64.Build.0 = Debug|x64
		{1D912403-FDE8-4C8C-8EC3-C40A3D48CC4A}.Debug|x86.ActiveCfg = Debug|Win32
		{1D912403-FDE8-4C8C-8EC3-C40A3D48CC4A}.Debug|x86.Build.0 = Debug|Win32
		{1D912403-FDE8-4C8C-8EC3-C40A3D48CC4A}.Release|x64.ActiveCfg = Release|x64
		{1D912403-FDE8-4C8C-8EC3-C40A3D48CC4A}.Release|x64.Build.0 = Release|x64
		{1D912403-FDE8-4C8C-8EC3-C40A3D48CC4A}.Release|x86.ActiveCfg = Release|Win32
		{1D912403-FDE8-4C8C-8EC3-C40A3D48CC4A}.Release|x86.Build.0 = Release|Win32
		{0557F80B-FD26-458E-8A20-033CEFF093B3}.Debug|x64.ActiveCfg = Debug|x64
		{0557F80B-FD26-458E-8A20-033CEFF093B3}.Debug|x64.Build.0 = Debug|x64
		{0557F80B-FD26-458E-8A20-033CEFF093B3}.Debug|x86.ActiveCfg = Debug|Win32
		{0557F80B-FD26-458E-8A20-033CEFF093B3}.Debug|x86.Build.0 = Debug|Win32
		{0557F80B-FD26-458E-8A20-033CEFF093B3}.Release|x64.ActiveCfg = Release|x64
		{0557F80B-FD26-458E-8A20-033CEFF093B3}.Release|x64.Build.0 = Release|x64
		{0557F80B-FD26-458E-8A20-033CEFF093B3}.Release|x86.ActiveCfg = Release|Win32
		{0557F80B-FD26-458E-8A20-033CEFF093B3}.Release|x86.Build.0 = Release|Win32
		{EB349BD8-97C0-4B81-B2B6-D78938810EC8}.Debug|x64.ActiveCfg = Debug|x64
		{EB349BD8-97C0-4B81-B2B6-D78938810EC8}.Debug|x64.Build.0 = Debug|x64
		{EB349BD8-97C0-4B81-B2B6-D78938810EC8}.Debug|x86.ActiveCfg = Debug|Win32
		{EB349BD8-97C0-4B81-B2B6-D78938810EC8}.Debug|x86.Build.0 = Debug|Win32
		{EB349BD8-97C0-4B81-B2B6-D78938810EC8}.Release|x64.ActiveCfg = Release|x64
		{EB349BD8-97C0-4B81-B2B6-D78938810EC8}.Release|x64.Build.0 = Release|x64
		{EB349BD8-97C0-4B81-B2B6-D78938810EC8}.Release|x86.ActiveCfg = Release|Win32
		{EB349BD8-97C0-4B81-B2B6-D78938810EC8}.Release|x86.Build.0 = Release|Win32
		{A3D692F9-4F92-416C-9D7A-5C01770C0266}.Debug|x64.ActiveCfg = Debug|x64
		{A3D692F9-4F92-416C-9D7A-5C01770C0266}.Debug|x64.Build.0 = Debug|x64
		{A3D692F9-4F92-416C-9D7A-5C01770C0266}.Debug|x86.ActiveCfg = Debug|Win32
		{A3D692F9-4F92-416C-9D7A-5C01770C0266}.Debug|x86.Build.0 = Debug|Win32
		{A3D692F9-4F92-416C-9D7A-5C01770C0266}.Release|x64.ActiveCfg = Release|x64
		{A3D692F9-4F92-416C-9D7A-5C01770C0266}.Release|x64.Build.0 = Release|x64
		{A3D692F9-4F92-416C-9D7A-5C01770C0266}.Release|x86.ActiveCfg = Release|Win32
		{A3D692F9-4F92-416C-9D7A-5C01770C0266}.Release|x86.Build.0 = Release|Win32
		{071FF8BD-785E-4C89-B93C-97EC3FFBE990}.Debug|x64.ActiveCfg = Debug|x64
		{071FF8BD-785E-4C89-B93C-97EC3FFBE990}.Debug|x64.Build.0 = Debug|x64
		{071FF8BD-785E-4C89-B93C-97EC3FFBE990}.Debug|x86.ActiveCfg = Debug|Win32
		{071FF8BD-785E-4C89-B93C-97EC3FFBE990}.Debug|x86.Build.0 = Debug|Win32
		{071FF8BD-785E-4C89-B93C-97EC3FFBE990}.Release|x64.ActiveCfg = Release|x64
		{071FF8BD-785E-4C89-B93C-97EC3FFBE990}.Release|x64.Build.0 = Release|x64
		{071FF8BD-785E-4C89-B93C-97EC3FFBE990}.Release|x86.ActiveCfg = Release|Win32
		{071FF8BD-785E-4C89-B93C-97EC3FFBE990}.Release|x86.Build.0 = Release|Win32
		{1994A60A-BF31-4B48-956E-B91A57FFE569}.Debug|x64.ActiveCfg = Debug|x64
		{1994A60A-BF31-4B48-956E-B91A57FFE569}.Debug|x64.Build.0 = Debug|x64
		{1994A60A-BF31-4B48-956E-B91A57FFE569}.Debug|x86.ActiveCfg = Debug|Win32
		{1994A60A-BF31-4B48-956E-B91A57FFE569}.Debug|x86.Build.0 = Debug|Win32
		{1994A60A-BF31-4B48-956E-B91A57FFE569}.Release|x64.ActiveCfg = Release|x64
		{1994A60A-BF31-4B48-956E-B91A57FFE569}.Release|x64.Build.0 = Release|x64
		{1994A60A-BF31-4B48-956E-B91A57FFE569}.Release|x86.ActiveCfg = Release|Win32
		{1994A60A-BF31-4B48-956E-B91A57FFE569}.Release|x86.Build.0 = Release|Win32
		{0955B5FB-27F3-40FA-A45F-22D4BA84459F}.Debug|x64.ActiveCfg = Debug|x64
		{0955B5FB-27F3-40FA-A45F-22D4BA84459F}.Debug|x64.Build.0 = Debug|x64
		{0955B5FB-27F3-40FA-A45F-22D4BA84459F}.Debug|x86.ActiveCfg = Debug|Win32
		{0955B5FB-27F3-40FA-A45F-22D4BA84459F}.Debug|x86.Build.0 = Debug|Win32
		{0955B5FB-27F3-40FA-A45F-22D4BA84459F}.Release|x64.ActiveCfg = Release|x64
		{0955B5FB-27F3-40FA-A45F-22D4BA84459F}.Release|x64.Build.0 = Release|x64
		{0955B5FB-27F3-40FA-A45F-22D4BA84459F}.Release|x86.ActiveCfg = Release|Win32
		{0955B5FB-27F3-40FA-A45F-22D4BA84459F}.Release|x86.Build.0 = Release|Win32
	EndGlobalSection
	GlobalSection(SolutionProperties) = preSolution
		HideSolutionNode = FALSE
	EndGlobalSection
	GlobalSection(ExtensibilityGlobals) = postSolution
		SolutionGuid = {1640CD76-B425-4289-B346-75A9AAA7A5CE}
	EndGlobalSection
EndGlobal
